
Microsoft Visual Studio Solution File, Format Version 12.00
# Visual Studio Version 17
VisualStudioVersion = 17.13.35919.96 d17.13
MinimumVisualStudioVersion = 10.0.40219.1
Project("{FAE04EC0-301F-11D3-BF4B-00C04F79EFBC}") = "Midterm_Lab_Exam", "Midterm_Lab_Exam\Midterm_Lab_Exam.csproj", "{44171187-F2C1-4298-8081-4775236AA785}"
EndProject
Global
	GlobalSection(SolutionConfigurationPlatforms) = preSolution
		Debug|Any CPU = Debug|Any CPU
		Release|Any CPU = Release|Any CPU
	EndGlobalSection
	GlobalSection(ProjectConfigurationPlatforms) = postSolution
		{44171187-F2C1-4298-8081-4775236AA785}.Debug|Any CPU.ActiveCfg = Debug|Any CPU
		{44171187-F2C1-4298-8081-4775236AA785}.Debug|Any CPU.Build.0 = Debug|Any CPU
		{44171187-F2C1-4298-8081-4775236AA785}.Release|Any CPU.ActiveCfg = Release|Any CPU
		{44171187-F2C1-4298-8081-4775236AA785}.Release|Any CPU.Build.0 = Release|Any CPU
	EndGlobalSection
	GlobalSection(SolutionProperties) = preSolution
		HideSolutionNode = FALSE
	EndGlobalSection
	GlobalSection(ExtensibilityGlobals) = postSolution
		SolutionGuid = {7F11D2D3-CCB1-48FA-8F86-910175919A4A}
	EndGlobalSection
EndGlobal
